version = 1
revision = 3
requires-python = ">=3.12"

[[package]]
name = "attrs"
version = "25.4.0"
source = { registry = "https://pypi.org/simple" }
sdist = { url = "https://files.pythonhosted.org/packages/6b/5c/685e6633917e101e5dcb62b9dd76946cbb57c26e133bae9e0cd36033c0a9/attrs-25.4.0.tar.gz", hash = "sha256:16d5969b87f0859ef33a48b35d55ac1be6e42ae49d5e853b597db70c35c57e11", size = 934251, upload-time = "2025-10-06T13:54:44.725Z" }
wheels = [
    { url = "https://files.pythonhosted.org/packages/3a/2a/7cc015f5b9f5db42b7d48157e23356022889fc354a2813c15934b7cb5c0e/attrs-25.4.0-py3-none-any.whl", hash = "sha256:adcf7e2a1fb3b36ac48d97835bb6d8ade15b8dcce26aba8bf1d14847b57a3373", size = 67615, upload-time = "2025-10-06T13:54:43.17Z" },
]

[[package]]
name = "click"
version = "8.3.0"
source = { registry = "https://pypi.org/simple" }
dependencies = [
    { name = "colorama", marker = "sys_platform == 'win32'" },
]
sdist = { url = "https://files.pythonhosted.org/packages/46/61/de6cd827efad202d7057d93e0fed9294b96952e188f7384832791c7b2254/click-8.3.0.tar.gz", hash = "sha256:e7b8232224eba16f4ebe410c25ced9f7875cb5f3263ffc93cc3e8da705e229c4", size = 276943, upload-time = "2025-09-18T17:32:23.696Z" }
wheels = [
    { url = "https://files.pythonhosted.org/packages/db/d3/9dcc0f5797f070ec8edf30fbadfb200e71d9db6b84d211e3b2085a7589a0/click-8.3.0-py3-none-any.whl", hash = "sha256:9b9f285302c6e3064f4330c05f05b81945b2a39544279343e6e7c5f27a9baddc", size = 107295, upload-time = "2025-09-18T17:32:22.42Z" },
]

[[package]]
name = "colorama"
version = "0.4.6"
source = { registry = "https://pypi.org/simple" }
sdist = { url = "https://files.pythonhosted.org/packages/d8/53/6f443c9a4a8358a93a6792e2acffb9d9d5cb0a5cfd8802644b7b1c9a02e4/colorama-0.4.6.tar.gz", hash = "sha256:08695f5cb7ed6e0531a20572697297273c47b8cae5a63ffc6d6ed5c201be6e44", size = 27697, upload-time = "2022-10-25T02:36:22.414Z" }
wheels = [
    { url = "https://files.pythonhosted.org/packages/d1/d6/3965ed04c63042e047cb6a3e6ed1a63a35087b6a609aa3a15ed8ac56c221/colorama-0.4.6-py2.py3-none-any.whl", hash = "sha256:4f1d9991f5acc0ca119f9d443620b77f9d6b33703e51011c16baf57afb285fc6", size = 25335, upload-time = "2022-10-25T02:36:20.889Z" },
]

[[package]]
name = "filesystems"
version = "2024.8.1"
source = { registry = "https://pypi.org/simple" }
dependencies = [
    { name = "attrs" },
    { name = "pyrsistent" },
    { name = "zope-interface" },
]
sdist = { url = "https://files.pythonhosted.org/packages/1d/4b/e998e288745890a48ecf2b32f3001a324e2b4bceab46fc1d131e8e9bdf14/filesystems-2024.8.1.tar.gz", hash = "sha256:3d2d9a7d62fcbcb938169d5308a781aa74406d2a053b8a0cefac0f7a61702f20", size = 20560, upload-time = "2024-08-04T20:16:33.405Z" }
wheels = [
    { url = "https://files.pythonhosted.org/packages/93/e2/43bab87def4d0e122f385dd8f8cafe7569e75cf21bdeef2dfd2008320f64/filesystems-2024.8.1-py3-none-any.whl", hash = "sha256:c04990e5c76c438a16e178209b5e1ba8eb632a8eac61cedb88d36124a6249c85", size = 19980, upload-time = "2024-08-04T20:16:31.512Z" },
]

[[package]]
name = "packaging"
version = "25.0"
source = { registry = "https://pypi.org/simple" }
sdist = { url = "https://files.pythonhosted.org/packages/a1/d4/1fc4078c65507b51b96ca8f8c3ba19e6a61c8253c72794544580a7b6c24d/packaging-25.0.tar.gz", hash = "sha256:d443872c98d677bf60f6a1f2f8c1cb748e8fe762d2bf9d3148b5599295b0fc4f", size = 165727, upload-time = "2025-04-19T11:48:59.673Z" }
wheels = [
    { url = "https://files.pythonhosted.org/packages/20/12/38679034af332785aac8774540895e234f4d07f7545804097de4b666afd8/packaging-25.0-py3-none-any.whl", hash = "sha256:29572ef2b1f17581046b3a2227d5c611fb25ec70ca1ba8554b24b0e69331a484", size = 66469, upload-time = "2025-04-19T11:48:57.875Z" },
]

[[package]]
name = "platformdirs"
version = "4.5.0"
source = { registry = "https://pypi.org/simple" }
sdist = { url = "https://files.pythonhosted.org/packages/61/33/9611380c2bdb1225fdef633e2a9610622310fed35ab11dac9620972ee088/platformdirs-4.5.0.tar.gz", hash = "sha256:70ddccdd7c99fc5942e9fc25636a8b34d04c24b335100223152c2803e4063312", size = 21632, upload-time = "2025-10-08T17:44:48.791Z" }
wheels = [
    { url = "https://files.pythonhosted.org/packages/73/cb/ac7874b3e5d58441674fb70742e6c374b28b0c7cb988d37d991cde47166c/platformdirs-4.5.0-py3-none-any.whl", hash = "sha256:e578a81bb873cbb89a41fcc904c7ef523cc18284b7e3b3ccf06aca1403b7ebd3", size = 18651, upload-time = "2025-10-08T17:44:47.223Z" },
]

[[package]]
name = "pyrsistent"
version = "0.20.0"
source = { registry = "https://pypi.org/simple" }
sdist = { url = "https://files.pythonhosted.org/packages/ce/3a/5031723c09068e9c8c2f0bc25c3a9245f2b1d1aea8396c787a408f2b95ca/pyrsistent-0.20.0.tar.gz", hash = "sha256:4c48f78f62ab596c679086084d0dd13254ae4f3d6c72a83ffdf5ebdef8f265a4", size = 103642, upload-time = "2023-10-25T21:06:56.342Z" }
wheels = [
    { url = "https://files.pythonhosted.org/packages/15/ee/ff2ed52032ac1ce2e7ba19e79bd5b05d152ebfb77956cf08fcd6e8d760ea/pyrsistent-0.20.0-cp312-cp312-macosx_10_9_universal2.whl", hash = "sha256:09848306523a3aba463c4b49493a760e7a6ca52e4826aa100ee99d8d39b7ad1e", size = 83537, upload-time = "2023-10-25T21:06:24.17Z" },
    { url = "https://files.pythonhosted.org/packages/80/f1/338d0050b24c3132bcfc79b68c3a5f54bce3d213ecef74d37e988b971d8a/pyrsistent-0.20.0-cp312-cp312-manylinux_2_17_aarch64.manylinux2014_aarch64.whl", hash = "sha256:a14798c3005ec892bbada26485c2eea3b54109cb2533713e355c806891f63c5e", size = 122615, upload-time = "2023-10-25T21:06:25.815Z" },
    { url = "https://files.pythonhosted.org/packages/07/3a/e56d6431b713518094fae6ff833a04a6f49ad0fbe25fb7c0dc7408e19d20/pyrsistent-0.20.0-cp312-cp312-manylinux_2_17_x86_64.manylinux2014_x86_64.whl", hash = "sha256:b14decb628fac50db5e02ee5a35a9c0772d20277824cfe845c8a8b717c15daa3", size = 122335, upload-time = "2023-10-25T21:06:28.631Z" },
    { url = "https://files.pythonhosted.org/packages/4a/bb/5f40a4d5e985a43b43f607250e766cdec28904682c3505eb0bd343a4b7db/pyrsistent-0.20.0-cp312-cp312-manylinux_2_5_i686.manylinux1_i686.manylinux_2_17_i686.manylinux2014_i686.whl", hash = "sha256:2e2c116cc804d9b09ce9814d17df5edf1df0c624aba3b43bc1ad90411487036d", size = 118510, upload-time = "2023-10-25T21:06:30.718Z" },
    { url = "https://files.pythonhosted.org/packages/1c/13/e6a22f40f5800af116c02c28e29f15c06aa41cb2036f6a64ab124647f28b/pyrsistent-0.20.0-cp312-cp312-win32.whl", hash = "sha256:e78d0c7c1e99a4a45c99143900ea0546025e41bb59ebc10182e947cf1ece9174", size = 60865, upload-time = "2023-10-25T21:06:32.742Z" },
    { url = "https://files.pythonhosted.org/packages/75/ef/2fa3b55023ec07c22682c957808f9a41836da4cd006b5f55ec76bf0fbfa6/pyrsistent-0.20.0-cp312-cp312-win_amd64.whl", hash = "sha256:4021a7f963d88ccd15b523787d18ed5e5269ce57aa4037146a2377ff607ae87d", size = 63239, upload-time = "2023-10-25T21:06:34.035Z" },
    { url = "https://files.pythonhosted.org/packages/23/88/0acd180010aaed4987c85700b7cc17f9505f3edb4e5873e4dc67f613e338/pyrsistent-0.20.0-py3-none-any.whl", hash = "sha256:c55acc4733aad6560a7f5f818466631f07efc001fd023f34a6c203f8b6df0f0b", size = 58106, upload-time = "2023-10-25T21:06:54.387Z" },
]

[[package]]
name = "toml"
version = "0.10.2"
source = { registry = "https://pypi.org/simple" }
sdist = { url = "https://files.pythonhosted.org/packages/be/ba/1f744cdc819428fc6b5084ec34d9b30660f6f9daaf70eead706e3203ec3c/toml-0.10.2.tar.gz", hash = "sha256:b3bda1d108d5dd99f4a20d24d9c348e91c4db7ab1b749200bded2f839ccbe68f", size = 22253, upload-time = "2020-11-01T01:40:22.204Z" }
wheels = [
    { url = "https://files.pythonhosted.org/packages/44/6f/7120676b6d73228c96e17f1f794d8ab046fc910d781c8d151120c3f1569e/toml-0.10.2-py2.py3-none-any.whl", hash = "sha256:806143ae5bfb6a3c6e736a764057db0e6a0e05e338b5630894a5f779cabb4f9b", size = 16588, upload-time = "2020-11-01T01:40:20.672Z" },
]

[[package]]
name = "tomlkit"
version = "0.13.3"
source = { registry = "https://pypi.org/simple" }
sdist = { url = "https://files.pythonhosted.org/packages/cc/18/0bbf3884e9eaa38819ebe46a7bd25dcd56b67434402b66a58c4b8e552575/tomlkit-0.13.3.tar.gz", hash = "sha256:430cf247ee57df2b94ee3fbe588e71d362a941ebb545dec29b53961d61add2a1", size = 185207, upload-time = "2025-06-05T07:13:44.947Z" }
wheels = [
    { url = "https://files.pythonhosted.org/packages/bd/75/8539d011f6be8e29f339c42e633aae3cb73bffa95dd0f9adec09b9c58e85/tomlkit-0.13.3-py3-none-any.whl", hash = "sha256:c89c649d79ee40629a9fda55f8ace8c6a1b42deb912b2a8fd8d942ddadb606b0", size = 38901, upload-time = "2025-06-05T07:13:43.546Z" },
]

[[package]]
name = "tqdm"
version = "4.67.1"
source = { registry = "https://pypi.org/simple" }
dependencies = [
    { name = "colorama", marker = "sys_platform == 'win32'" },
]
sdist = { url = "https://files.pythonhosted.org/packages/a8/4b/29b4ef32e036bb34e4ab51796dd745cdba7ed47ad142a9f4a1eb8e0c744d/tqdm-4.67.1.tar.gz", hash = "sha256:f8aef9c52c08c13a65f30ea34f4e5aac3fd1a34959879d7e59e63027286627f2", size = 169737, upload-time = "2024-11-24T20:12:22.481Z" }
wheels = [
    { url = "https://files.pythonhosted.org/packages/d0/30/dc54f88dd4a2b5dc8a0279bdd7270e735851848b762aeb1c1184ed1f6b14/tqdm-4.67.1-py3-none-any.whl", hash = "sha256:26445eca388f82e72884e0d580d5464cd801a3ea01e63e5601bdff9ba6a48de2", size = 78540, upload-time = "2024-11-24T20:12:19.698Z" },
]

[[package]]
name = "uv"
version = "0.9.5"
source = { registry = "https://pypi.org/simple" }
sdist = { url = "https://files.pythonhosted.org/packages/6e/6a/fab7dd47e7344705158cc3fcbe70b4814175902159574c3abb081ebaba88/uv-0.9.5.tar.gz", hash = "sha256:d8835d2c034421ac2235fb658bb4f669a301a0f1eb00a8430148dd8461b65641", size = 3700444, upload-time = "2025-10-21T16:48:26.847Z" }
wheels = [
    { url = "https://files.pythonhosted.org/packages/51/4a/4db051b9e41e6c67d0b7a56c68e2457e9bbe947463a656873e7d02a974f3/uv-0.9.5-py3-none-linux_armv6l.whl", hash = "sha256:f8eb34ebebac4b45334ce7082cca99293b71fb32b164651f1727c8a640e5b387", size = 20667903, upload-time = "2025-10-21T16:47:41.841Z" },
    { url = "https://files.pythonhosted.org/packages/4e/6c/3508d67f80aac0ddb5806680a6735ff6cb5a14e9b697e5ae145b01050880/uv-0.9.5-py3-none-macosx_10_12_x86_64.whl", hash = "sha256:922cd784cce36bbdc7754b590d28c276698c85791c18cd4c6a7e917db4480440", size = 19680481, upload-time = "2025-10-21T16:47:45.825Z" },
    { url = "https://files.pythonhosted.org/packages/b2/26/bd6438cf6d84a6b0b608bcbe9f353d8e424f8fe3b1b73a768984a76bf80b/uv-0.9.5-py3-none-macosx_11_0_arm64.whl", hash = "sha256:8603bb902e578463c50c3ddd4ee376ba4172ccdf4979787f8948747d1bb0e18b", size = 18309280, upload-time = "2025-10-21T16:47:47.919Z" },
    { url = "https://files.pythonhosted.org/packages/48/8a/a990d9a39094d4d47bd11edff17573247f3791c33a19626e92c995498e68/uv-0.9.5-py3-none-manylinux_2_17_aarch64.manylinux2014_aarch64.musllinux_1_1_aarch64.whl", hash = "sha256:48a3542835d37882ff57d1ff91b757085525d98756712fa61cf9941d3dda8ebf", size = 20030908, upload-time = "2025-10-21T16:47:50.532Z" },
    { url = "https://files.pythonhosted.org/packages/24/7a/63a5dd8e1b7ff69d9920a36c018c54c6247e48477d252770d979e30c97bd/uv-0.9.5-py3-none-manylinux_2_17_armv7l.manylinux2014_armv7l.whl", hash = "sha256:21452ece590ddb90e869a478ca4c2ba70be180ec0d6716985ee727b9394c8aa5", size = 20236853, upload-time = "2025-10-21T16:47:53.108Z" },
    { url = "https://files.pythonhosted.org/packages/bc/cd/511e0d96b10a88fb382515f33fcacb8613fea6e50ae767827ad8056f6c38/uv-0.9.5-py3-none-manylinux_2_17_i686.manylinux2014_i686.whl", hash = "sha256:3eb31c9896dc2c88f6a9f1d693be2409fe2fc2e3d90827956e4341c2b2171289", size = 21161956, upload-time = "2025-10-21T16:47:55.337Z" },
    { url = "https://files.pythonhosted.org/packages/0b/bd/3255b9649f491ff7ae3450919450325ad125c8af6530d24aa22932f83aa0/uv-0.9.5-py3-none-manylinux_2_17_ppc64.manylinux2014_ppc64.whl", hash = "sha256:02db727beb94a2137508cee5a785c3465d150954ca9abdff2d8157c76dea163e", size = 22646501, upload-time = "2025-10-21T16:47:57.917Z" },
    { url = "https://files.pythonhosted.org/packages/b6/6e/f2d172ea3aa078aa2ba1c391f674b2d322e5d1a8b695e2bdd941ea22f6c3/uv-0.9.5-py3-none-manylinux_2_17_ppc64le.manylinux2014_ppc64le.whl", hash = "sha256:c465f2e342cab908849b8ce83e14fd4cf75f5bed55802d0acf1399f9d02f92d9", size = 22285962, upload-time = "2025-10-21T16:48:00.516Z" },
    { url = "https://files.pythonhosted.org/packages/71/ad/f22e2b094c82178cee674337340f2e1a3dfcdaabc75e393e1f499f997c15/uv-0.9.5-py3-none-manylinux_2_17_s390x.manylinux2014_s390x.whl", hash = "sha256:133e2614e1ff3b34c2606595d8ae55710473ebb7516bfa5708afc00315730cd1", size = 21374721, upload-time = "2025-10-21T16:48:02.957Z" },
    { url = "https://files.pythonhosted.org/packages/9b/83/a0bdf4abf86ede79b427778fe27e2b4a022c98a7a8ea1745dcd6c6561f17/uv-0.9.5-py3-none-manylinux_2_17_x86_64.manylinux2014_x86_64.whl", hash = "sha256:6507bbbcd788553ec4ad5a96fa19364dc0f58b023e31d79868773559a83ec181", size = 21332544, upload-time = "2025-10-21T16:48:05.75Z" },
    { url = "https://files.pythonhosted.org/packages/da/93/f61862a5cb34d3fd021352f4a46993950ba2b301f0fd0694a56c7a56b20b/uv-0.9.5-py3-none-manylinux_2_28_aarch64.whl", hash = "sha256:6a046c2e833169bf26f461286aab58a2ba8d48ed2220bfcf119dcfaf87163116", size = 20157103, upload-time = "2025-10-21T16:48:08.018Z" },
    { url = "https://files.pythonhosted.org/packages/04/9c/2788b82454dd485a5b3691cc6f465583e9ce8d4c45bac11461ff38165fd5/uv-0.9.5-py3-none-manylinux_2_31_riscv64.whl", hash = "sha256:9fc13b4b943d19adac52d7dcd2159e96ab2e837ac49a79e20714ed25f1f1b7f9", size = 21263882, upload-time = "2025-10-21T16:48:10.222Z" },
    { url = "https://files.pythonhosted.org/packages/c6/eb/73dd04b7e9c1df76fc6b263140917ba5d7d6d0d28c6913090f3e94e53220/uv-0.9.5-py3-none-musllinux_1_1_armv7l.whl", hash = "sha256:5bb4996329ba47e7e775baba4a47e85092aa491d708a66e63b564e9b306bfb7e", size = 20210317, upload-time = "2025-10-21T16:48:12.606Z" },
    { url = "https://files.pythonhosted.org/packages/bb/45/3f5e0954a727f037e75036ddef2361a16f23f2a4a2bc98c272bb64c273f1/uv-0.9.5-py3-none-musllinux_1_1_i686.whl", hash = "sha256:6452eb6257e37e1ebd97430b5f5e10419da2c3ca35b4086540ec4163b4b2f25c", size = 20614233, upload-time = "2025-10-21T16:48:14.937Z" },
    { url = "https://files.pythonhosted.org/packages/eb/fd/d1317e982a8b004339ca372fbf4d1807be5d765420970bde17bbd621cbf9/uv-0.9.5-py3-none-musllinux_1_1_x86_64.whl", hash = "sha256:3a4ecbfdcbd3dae4190428874762c791e05d2c97ff2872bf6c0a30ed5c4ea9ca", size = 21526600, upload-time = "2025-10-21T16:48:17.396Z" },
    { url = "https://files.pythonhosted.org/packages/9c/39/6b288c4e348c4113d4925c714606f7d1e0a7bfcb7f1ad001a28dbcf62f30/uv-0.9.5-py3-none-win32.whl", hash = "sha256:0316493044035098666d6e99c14bd61b352555d9717d57269f4ce531855330fa", size = 19469211, upload-time = "2025-10-21T16:48:19.668Z" },
    { url = "https://files.pythonhosted.org/packages/af/14/0f07d0b2e561548b4e3006208480a5fce8cdaae5247d85efbfb56e8e596b/uv-0.9.5-py3-none-win_amd64.whl", hash = "sha256:48a12390421f91af8a8993cf15c38297c0bb121936046286e287975b2fbf1789", size = 21404719, upload-time = "2025-10-21T16:48:22.145Z" },
    { url = "https://files.pythonhosted.org/packages/c7/33/14244c0641c2340653ae934e5c82750543fcddbcd260bdc2353a33b6148f/uv-0.9.5-py3-none-win_arm64.whl", hash = "sha256:c966e3a4fe4de3b0a6279d0a835c79f9cddbb3693f52d140910cbbed177c5742", size = 19911407, upload-time = "2025-10-21T16:48:24.974Z" },
]

[[package]]
name = "venvs"
source = { editable = "." }
dependencies = [
    { name = "attrs" },
    { name = "click" },
    { name = "filesystems" },
    { name = "packaging" },
    { name = "platformdirs" },
    { name = "pyrsistent" },
    { name = "toml" },
    { name = "tomlkit" },
    { name = "tqdm" },
    { name = "uv" },
]

[package.metadata]
requires-dist = [
    { name = "attrs", specifier = ">=23.1.0" },
    { name = "click" },
    { name = "filesystems", specifier = ">=2024.8.1" },
    { name = "packaging" },
    { name = "platformdirs" },
    { name = "pyrsistent" },
    { name = "toml", specifier = ">=0.10.0" },
    { name = "tomlkit" },
    { name = "tqdm" },
    { name = "uv", specifier = ">=0.1.13" },
]

[[package]]
name = "zope-interface"
version = "8.0.1"
source = { registry = "https://pypi.org/simple" }
sdist = { url = "https://files.pythonhosted.org/packages/88/3a/7fcf02178b8fad0a51e67e32765cd039ae505d054d744d76b8c2bbcba5ba/zope_interface-8.0.1.tar.gz", hash = "sha256:eba5610d042c3704a48222f7f7c6ab5b243ed26f917e2bc69379456b115e02d1", size = 253746, upload-time = "2025-09-25T05:55:51.285Z" }
wheels = [
    { url = "https://files.pythonhosted.org/packages/dc/a6/0f08713ddda834c428ebf97b2a7fd8dea50c0100065a8955924dbd94dae8/zope_interface-8.0.1-cp312-cp312-macosx_10_9_x86_64.whl", hash = "sha256:115f27c1cc95ce7a517d960ef381beedb0a7ce9489645e80b9ab3cbf8a78799c", size = 208609, upload-time = "2025-09-25T05:58:53.698Z" },
    { url = "https://files.pythonhosted.org/packages/e9/5e/d423045f54dc81e0991ec655041e7a0eccf6b2642535839dd364b35f4d7f/zope_interface-8.0.1-cp312-cp312-macosx_11_0_arm64.whl", hash = "sha256:af655c573b84e3cb6a4f6fd3fbe04e4dc91c63c6b6f99019b3713ef964e589bc", size = 208797, upload-time = "2025-09-25T05:58:56.258Z" },
    { url = "https://files.pythonhosted.org/packages/c6/43/39d4bb3f7a80ebd261446792493cfa4e198badd47107224f5b6fe1997ad9/zope_interface-8.0.1-cp312-cp312-manylinux1_i686.manylinux2014_i686.manylinux_2_17_i686.manylinux_2_5_i686.whl", hash = "sha256:23f82ef9b2d5370750cc1bf883c3b94c33d098ce08557922a3fbc7ff3b63dfe1", size = 259242, upload-time = "2025-09-25T05:58:21.602Z" },
    { url = "https://files.pythonhosted.org/packages/da/29/49effcff64ef30731e35520a152a9dfcafec86cf114b4c2aff942e8264ba/zope_interface-8.0.1-cp312-cp312-manylinux1_x86_64.manylinux2014_x86_64.manylinux_2_17_x86_64.manylinux_2_5_x86_64.whl", hash = "sha256:35a1565d5244997f2e629c5c68715b3d9d9036e8df23c4068b08d9316dcb2822", size = 264696, upload-time = "2025-09-25T05:58:13.351Z" },
    { url = "https://files.pythonhosted.org/packages/c7/39/b947673ec9a258eeaa20208dd2f6127d9fbb3e5071272a674ebe02063a78/zope_interface-8.0.1-cp312-cp312-manylinux2014_aarch64.manylinux_2_17_aarch64.whl", hash = "sha256:029ea1db7e855a475bf88d9910baab4e94d007a054810e9007ac037a91c67c6f", size = 264229, upload-time = "2025-09-25T06:26:26.226Z" },
    { url = "https://files.pythonhosted.org/packages/8f/ee/eed6efd1fc3788d1bef7a814e0592d8173b7fe601c699b935009df035fc2/zope_interface-8.0.1-cp312-cp312-win_amd64.whl", hash = "sha256:0beb3e7f7dc153944076fcaf717a935f68d39efa9fce96ec97bafcc0c2ea6cab", size = 212270, upload-time = "2025-09-25T05:58:53.584Z" },
    { url = "https://files.pythonhosted.org/packages/5f/dc/3c12fca01c910c793d636ffe9c0984e0646abaf804e44552070228ed0ede/zope_interface-8.0.1-cp313-cp313-macosx_10_9_x86_64.whl", hash = "sha256:c7cc027fc5c61c5d69e5080c30b66382f454f43dc379c463a38e78a9c6bab71a", size = 208992, upload-time = "2025-09-25T05:58:40.712Z" },
    { url = "https://files.pythonhosted.org/packages/46/71/6127b7282a3e380ca927ab2b40778a9c97935a4a57a2656dadc312db5f30/zope_interface-8.0.1-cp313-cp313-macosx_11_0_arm64.whl", hash = "sha256:fcf9097ff3003b7662299f1c25145e15260ec2a27f9a9e69461a585d79ca8552", size = 209051, upload-time = "2025-09-25T05:58:42.182Z" },
    { url = "https://files.pythonhosted.org/packages/56/86/4387a9f951ee18b0e41fda77da77d59c33e59f04660578e2bad688703e64/zope_interface-8.0.1-cp313-cp313-manylinux1_i686.manylinux2014_i686.manylinux_2_17_i686.manylinux_2_5_i686.whl", hash = "sha256:6d965347dd1fb9e9a53aa852d4ded46b41ca670d517fd54e733a6b6a4d0561c2", size = 259223, upload-time = "2025-09-25T05:58:23.191Z" },
    { url = "https://files.pythonhosted.org/packages/61/08/ce60a114466abc067c68ed41e2550c655f551468ae17b4b17ea360090146/zope_interface-8.0.1-cp313-cp313-manylinux1_x86_64.manylinux2014_x86_64.manylinux_2_17_x86_64.manylinux_2_5_x86_64.whl", hash = "sha256:9a3b8bb77a4b89427a87d1e9eb969ab05e38e6b4a338a9de10f6df23c33ec3c2", size = 264690, upload-time = "2025-09-25T05:58:15.052Z" },
    { url = "https://files.pythonhosted.org/packages/36/9a/62a9ba3a919594605a07c34eee3068659bbd648e2fa0c4a86d876810b674/zope_interface-8.0.1-cp313-cp313-manylinux2014_aarch64.manylinux_2_17_aarch64.whl", hash = "sha256:87e6b089002c43231fb9afec89268391bcc7a3b66e76e269ffde19a8112fb8d5", size = 264201, upload-time = "2025-09-25T06:26:27.797Z" },
    { url = "https://files.pythonhosted.org/packages/da/06/8fe88bd7edef60566d21ef5caca1034e10f6b87441ea85de4bbf9ea74768/zope_interface-8.0.1-cp313-cp313-win_amd64.whl", hash = "sha256:64a43f5280aa770cbafd0307cb3d1ff430e2a1001774e8ceb40787abe4bb6658", size = 212273, upload-time = "2025-09-25T06:00:25.398Z" },
]
