version = 1
revision = 3
requires-python = ">=3.10"

[[package]]
name = "attrs"
version = "25.4.0"
source = { registry = "https://pypi.org/simple" }
sdist = { url = "https://files.pythonhosted.org/packages/6b/5c/685e6633917e101e5dcb62b9dd76946cbb57c26e133bae9e0cd36033c0a9/attrs-25.4.0.tar.gz", hash = "sha256:16d5969b87f0859ef33a48b35d55ac1be6e42ae49d5e853b597db70c35c57e11", size = 934251, upload-time = "2025-10-06T13:54:44.725Z" }
wheels = [
    { url = "https://files.pythonhosted.org/packages/3a/2a/7cc015f5b9f5db42b7d48157e23356022889fc354a2813c15934b7cb5c0e/attrs-25.4.0-py3-none-any.whl", hash = "sha256:adcf7e2a1fb3b36ac48d97835bb6d8ade15b8dcce26aba8bf1d14847b57a3373", size = 67615, upload-time = "2025-10-06T13:54:43.17Z" },
]

[[package]]
name = "click"
version = "8.3.0"
source = { registry = "https://pypi.org/simple" }
dependencies = [
    { name = "colorama", marker = "sys_platform == 'win32'" },
]
sdist = { url = "https://files.pythonhosted.org/packages/46/61/de6cd827efad202d7057d93e0fed9294b96952e188f7384832791c7b2254/click-8.3.0.tar.gz", hash = "sha256:e7b8232224eba16f4ebe410c25ced9f7875cb5f3263ffc93cc3e8da705e229c4", size = 276943, upload-time = "2025-09-18T17:32:23.696Z" }
wheels = [
    { url = "https://files.pythonhosted.org/packages/db/d3/9dcc0f5797f070ec8edf30fbadfb200e71d9db6b84d211e3b2085a7589a0/click-8.3.0-py3-none-any.whl", hash = "sha256:9b9f285302c6e3064f4330c05f05b81945b2a39544279343e6e7c5f27a9baddc", size = 107295, upload-time = "2025-09-18T17:32:22.42Z" },
]

[[package]]
name = "colorama"
version = "0.4.6"
source = { registry = "https://pypi.org/simple" }
sdist = { url = "https://files.pythonhosted.org/packages/d8/53/6f443c9a4a8358a93a6792e2acffb9d9d5cb0a5cfd8802644b7b1c9a02e4/colorama-0.4.6.tar.gz", hash = "sha256:08695f5cb7ed6e0531a20572697297273c47b8cae5a63ffc6d6ed5c201be6e44", size = 27697, upload-time = "2022-10-25T02:36:22.414Z" }
wheels = [
    { url = "https://files.pythonhosted.org/packages/d1/d6/3965ed04c63042e047cb6a3e6ed1a63a35087b6a609aa3a15ed8ac56c221/colorama-0.4.6-py2.py3-none-any.whl", hash = "sha256:4f1d9991f5acc0ca119f9d443620b77f9d6b33703e51011c16baf57afb285fc6", size = 25335, upload-time = "2022-10-25T02:36:20.889Z" },
]

[[package]]
name = "filesystems"
version = "2024.8.1"
source = { registry = "https://pypi.org/simple" }
dependencies = [
    { name = "attrs" },
    { name = "pyrsistent" },
    { name = "zope-interface" },
]
sdist = { url = "https://files.pythonhosted.org/packages/1d/4b/e998e288745890a48ecf2b32f3001a324e2b4bceab46fc1d131e8e9bdf14/filesystems-2024.8.1.tar.gz", hash = "sha256:3d2d9a7d62fcbcb938169d5308a781aa74406d2a053b8a0cefac0f7a61702f20", size = 20560, upload-time = "2024-08-04T20:16:33.405Z" }
wheels = [
    { url = "https://files.pythonhosted.org/packages/93/e2/43bab87def4d0e122f385dd8f8cafe7569e75cf21bdeef2dfd2008320f64/filesystems-2024.8.1-py3-none-any.whl", hash = "sha256:c04990e5c76c438a16e178209b5e1ba8eb632a8eac61cedb88d36124a6249c85", size = 19980, upload-time = "2024-08-04T20:16:31.512Z" },
]

[[package]]
name = "packaging"
version = "25.0"
source = { registry = "https://pypi.org/simple" }
sdist = { url = "https://files.pythonhosted.org/packages/a1/d4/1fc4078c65507b51b96ca8f8c3ba19e6a61c8253c72794544580a7b6c24d/packaging-25.0.tar.gz", hash = "sha256:d443872c98d677bf60f6a1f2f8c1cb748e8fe762d2bf9d3148b5599295b0fc4f", size = 165727, upload-time = "2025-04-19T11:48:59.673Z" }
wheels = [
    { url = "https://files.pythonhosted.org/packages/20/12/38679034af332785aac8774540895e234f4d07f7545804097de4b666afd8/packaging-25.0-py3-none-any.whl", hash = "sha256:29572ef2b1f17581046b3a2227d5c611fb25ec70ca1ba8554b24b0e69331a484", size = 66469, upload-time = "2025-04-19T11:48:57.875Z" },
]

[[package]]
name = "platformdirs"
version = "4.5.0"
source = { registry = "https://pypi.org/simple" }
sdist = { url = "https://files.pythonhosted.org/packages/61/33/9611380c2bdb1225fdef633e2a9610622310fed35ab11dac9620972ee088/platformdirs-4.5.0.tar.gz", hash = "sha256:70ddccdd7c99fc5942e9fc25636a8b34d04c24b335100223152c2803e4063312", size = 21632, upload-time = "2025-10-08T17:44:48.791Z" }
wheels = [
    { url = "https://files.pythonhosted.org/packages/73/cb/ac7874b3e5d58441674fb70742e6c374b28b0c7cb988d37d991cde47166c/platformdirs-4.5.0-py3-none-any.whl", hash = "sha256:e578a81bb873cbb89a41fcc904c7ef523cc18284b7e3b3ccf06aca1403b7ebd3", size = 18651, upload-time = "2025-10-08T17:44:47.223Z" },
]

[[package]]
name = "pyrsistent"
version = "0.20.0"
source = { registry = "https://pypi.org/simple" }
sdist = { url = "https://files.pythonhosted.org/packages/ce/3a/5031723c09068e9c8c2f0bc25c3a9245f2b1d1aea8396c787a408f2b95ca/pyrsistent-0.20.0.tar.gz", hash = "sha256:4c48f78f62ab596c679086084d0dd13254ae4f3d6c72a83ffdf5ebdef8f265a4", size = 103642, upload-time = "2023-10-25T21:06:56.342Z" }
wheels = [
    { url = "https://files.pythonhosted.org/packages/c7/19/c343b14061907b629b765444b6436b160e2bd4184d17d4804bbe6381f6be/pyrsistent-0.20.0-cp310-cp310-macosx_10_9_universal2.whl", hash = "sha256:8c3aba3e01235221e5b229a6c05f585f344734bd1ad42a8ac51493d74722bbce", size = 83416, upload-time = "2023-10-25T21:06:04.579Z" },
    { url = "https://files.pythonhosted.org/packages/9f/4f/8342079ea331031ef9ed57edd312a9ad283bcc8adfaf268931ae356a09a6/pyrsistent-0.20.0-cp310-cp310-manylinux_2_17_aarch64.manylinux2014_aarch64.whl", hash = "sha256:c1beb78af5423b879edaf23c5591ff292cf7c33979734c99aa66d5914ead880f", size = 118021, upload-time = "2023-10-25T21:06:06.953Z" },
    { url = "https://files.pythonhosted.org/packages/d7/b7/64a125c488243965b7c5118352e47c6f89df95b4ac306d31cee409153d57/pyrsistent-0.20.0-cp310-cp310-manylinux_2_17_x86_64.manylinux2014_x86_64.whl", hash = "sha256:21cc459636983764e692b9eba7144cdd54fdec23ccdb1e8ba392a63666c60c34", size = 117747, upload-time = "2023-10-25T21:06:08.5Z" },
    { url = "https://files.pythonhosted.org/packages/fe/a5/43c67bd5f80df9e7583042398d12113263ec57f27c0607abe9d78395d18f/pyrsistent-0.20.0-cp310-cp310-manylinux_2_5_i686.manylinux1_i686.manylinux_2_17_i686.manylinux2014_i686.whl", hash = "sha256:f5ac696f02b3fc01a710427585c855f65cd9c640e14f52abe52020722bb4906b", size = 114524, upload-time = "2023-10-25T21:06:10.728Z" },
    { url = "https://files.pythonhosted.org/packages/8a/98/b382a87e89ca839106d874f7bf78d226b3eedb26735eb6f751f1a3375f21/pyrsistent-0.20.0-cp310-cp310-win32.whl", hash = "sha256:0724c506cd8b63c69c7f883cc233aac948c1ea946ea95996ad8b1380c25e1d3f", size = 60780, upload-time = "2023-10-25T21:06:12.14Z" },
    { url = "https://files.pythonhosted.org/packages/37/8a/23e2193f7adea6901262e3cf39c7fe18ac0c446176c0ff0e19aeb2e9681e/pyrsistent-0.20.0-cp310-cp310-win_amd64.whl", hash = "sha256:8441cf9616d642c475684d6cf2520dd24812e996ba9af15e606df5f6fd9d04a7", size = 63310, upload-time = "2023-10-25T21:06:13.598Z" },
    { url = "https://files.pythonhosted.org/packages/df/63/7544dc7d0953294882a5c587fb1b10a26e0c23d9b92281a14c2514bac1f7/pyrsistent-0.20.0-cp311-cp311-macosx_10_9_universal2.whl", hash = "sha256:0f3b1bcaa1f0629c978b355a7c37acd58907390149b7311b5db1b37648eb6958", size = 83481, upload-time = "2023-10-25T21:06:15.238Z" },
    { url = "https://files.pythonhosted.org/packages/ae/a0/49249bc14d71b1bf2ffe89703acfa86f2017c25cfdabcaea532b8c8a5810/pyrsistent-0.20.0-cp311-cp311-manylinux_2_17_aarch64.manylinux2014_aarch64.whl", hash = "sha256:5cdd7ef1ea7a491ae70d826b6cc64868de09a1d5ff9ef8d574250d0940e275b8", size = 120222, upload-time = "2023-10-25T21:06:17.144Z" },
    { url = "https://files.pythonhosted.org/packages/a1/94/9808e8c9271424120289b9028a657da336ad7e43da0647f62e4f6011d19b/pyrsistent-0.20.0-cp311-cp311-manylinux_2_17_x86_64.manylinux2014_x86_64.whl", hash = "sha256:cae40a9e3ce178415040a0383f00e8d68b569e97f31928a3a8ad37e3fde6df6a", size = 120002, upload-time = "2023-10-25T21:06:18.727Z" },
    { url = "https://files.pythonhosted.org/packages/3f/f6/9ecfb78b2fc8e2540546db0fe19df1fae0f56664a5958c21ff8861b0f8da/pyrsistent-0.20.0-cp311-cp311-manylinux_2_5_i686.manylinux1_i686.manylinux_2_17_i686.manylinux2014_i686.whl", hash = "sha256:6288b3fa6622ad8a91e6eb759cfc48ff3089e7c17fb1d4c59a919769314af224", size = 116850, upload-time = "2023-10-25T21:06:20.424Z" },
    { url = "https://files.pythonhosted.org/packages/83/c8/e6d28bc27a0719f8eaae660357df9757d6e9ca9be2691595721de9e8adfc/pyrsistent-0.20.0-cp311-cp311-win32.whl", hash = "sha256:7d29c23bdf6e5438c755b941cef867ec2a4a172ceb9f50553b6ed70d50dfd656", size = 60775, upload-time = "2023-10-25T21:06:21.815Z" },
    { url = "https://files.pythonhosted.org/packages/98/87/c6ef52ff30388f357922d08de012abdd3dc61e09311d88967bdae23ab657/pyrsistent-0.20.0-cp311-cp311-win_amd64.whl", hash = "sha256:59a89bccd615551391f3237e00006a26bcf98a4d18623a19909a2c48b8e986ee", size = 63306, upload-time = "2023-10-25T21:06:22.874Z" },
    { url = "https://files.pythonhosted.org/packages/15/ee/ff2ed52032ac1ce2e7ba19e79bd5b05d152ebfb77956cf08fcd6e8d760ea/pyrsistent-0.20.0-cp312-cp312-macosx_10_9_universal2.whl", hash = "sha256:09848306523a3aba463c4b49493a760e7a6ca52e4826aa100ee99d8d39b7ad1e", size = 83537, upload-time = "2023-10-25T21:06:24.17Z" },
    { url = "https://files.pythonhosted.org/packages/80/f1/338d0050b24c3132bcfc79b68c3a5f54bce3d213ecef74d37e988b971d8a/pyrsistent-0.20.0-cp312-cp312-manylinux_2_17_aarch64.manylinux2014_aarch64.whl", hash = "sha256:a14798c3005ec892bbada26485c2eea3b54109cb2533713e355c806891f63c5e", size = 122615, upload-time = "2023-10-25T21:06:25.815Z" },
    { url = "https://files.pythonhosted.org/packages/07/3a/e56d6431b713518094fae6ff833a04a6f49ad0fbe25fb7c0dc7408e19d20/pyrsistent-0.20.0-cp312-cp312-manylinux_2_17_x86_64.manylinux2014_x86_64.whl", hash = "sha256:b14decb628fac50db5e02ee5a35a9c0772d20277824cfe845c8a8b717c15daa3", size = 122335, upload-time = "2023-10-25T21:06:28.631Z" },
    { url = "https://files.pythonhosted.org/packages/4a/bb/5f40a4d5e985a43b43f607250e766cdec28904682c3505eb0bd343a4b7db/pyrsistent-0.20.0-cp312-cp312-manylinux_2_5_i686.manylinux1_i686.manylinux_2_17_i686.manylinux2014_i686.whl", hash = "sha256:2e2c116cc804d9b09ce9814d17df5edf1df0c624aba3b43bc1ad90411487036d", size = 118510, upload-time = "2023-10-25T21:06:30.718Z" },
    { url = "https://files.pythonhosted.org/packages/1c/13/e6a22f40f5800af116c02c28e29f15c06aa41cb2036f6a64ab124647f28b/pyrsistent-0.20.0-cp312-cp312-win32.whl", hash = "sha256:e78d0c7c1e99a4a45c99143900ea0546025e41bb59ebc10182e947cf1ece9174", size = 60865, upload-time = "2023-10-25T21:06:32.742Z" },
    { url = "https://files.pythonhosted.org/packages/75/ef/2fa3b55023ec07c22682c957808f9a41836da4cd006b5f55ec76bf0fbfa6/pyrsistent-0.20.0-cp312-cp312-win_amd64.whl", hash = "sha256:4021a7f963d88ccd15b523787d18ed5e5269ce57aa4037146a2377ff607ae87d", size = 63239, upload-time = "2023-10-25T21:06:34.035Z" },
    { url = "https://files.pythonhosted.org/packages/23/88/0acd180010aaed4987c85700b7cc17f9505f3edb4e5873e4dc67f613e338/pyrsistent-0.20.0-py3-none-any.whl", hash = "sha256:c55acc4733aad6560a7f5f818466631f07efc001fd023f34a6c203f8b6df0f0b", size = 58106, upload-time = "2023-10-25T21:06:54.387Z" },
]

[[package]]
name = "toml"
version = "0.10.2"
source = { registry = "https://pypi.org/simple" }
sdist = { url = "https://files.pythonhosted.org/packages/be/ba/1f744cdc819428fc6b5084ec34d9b30660f6f9daaf70eead706e3203ec3c/toml-0.10.2.tar.gz", hash = "sha256:b3bda1d108d5dd99f4a20d24d9c348e91c4db7ab1b749200bded2f839ccbe68f", size = 22253, upload-time = "2020-11-01T01:40:22.204Z" }
wheels = [
    { url = "https://files.pythonhosted.org/packages/44/6f/7120676b6d73228c96e17f1f794d8ab046fc910d781c8d151120c3f1569e/toml-0.10.2-py2.py3-none-any.whl", hash = "sha256:806143ae5bfb6a3c6e736a764057db0e6a0e05e338b5630894a5f779cabb4f9b", size = 16588, upload-time = "2020-11-01T01:40:20.672Z" },
]

[[package]]
name = "tomlkit"
version = "0.13.3"
source = { registry = "https://pypi.org/simple" }
sdist = { url = "https://files.pythonhosted.org/packages/cc/18/0bbf3884e9eaa38819ebe46a7bd25dcd56b67434402b66a58c4b8e552575/tomlkit-0.13.3.tar.gz", hash = "sha256:430cf247ee57df2b94ee3fbe588e71d362a941ebb545dec29b53961d61add2a1", size = 185207, upload-time = "2025-06-05T07:13:44.947Z" }
wheels = [
    { url = "https://files.pythonhosted.org/packages/bd/75/8539d011f6be8e29f339c42e633aae3cb73bffa95dd0f9adec09b9c58e85/tomlkit-0.13.3-py3-none-any.whl", hash = "sha256:c89c649d79ee40629a9fda55f8ace8c6a1b42deb912b2a8fd8d942ddadb606b0", size = 38901, upload-time = "2025-06-05T07:13:43.546Z" },
]

[[package]]
name = "tqdm"
version = "4.67.1"
source = { registry = "https://pypi.org/simple" }
dependencies = [
    { name = "colorama", marker = "sys_platform == 'win32'" },
]
sdist = { url = "https://files.pythonhosted.org/packages/a8/4b/29b4ef32e036bb34e4ab51796dd745cdba7ed47ad142a9f4a1eb8e0c744d/tqdm-4.67.1.tar.gz", hash = "sha256:f8aef9c52c08c13a65f30ea34f4e5aac3fd1a34959879d7e59e63027286627f2", size = 169737, upload-time = "2024-11-24T20:12:22.481Z" }
wheels = [
    { url = "https://files.pythonhosted.org/packages/d0/30/dc54f88dd4a2b5dc8a0279bdd7270e735851848b762aeb1c1184ed1f6b14/tqdm-4.67.1-py3-none-any.whl", hash = "sha256:26445eca388f82e72884e0d580d5464cd801a3ea01e63e5601bdff9ba6a48de2", size = 78540, upload-time = "2024-11-24T20:12:19.698Z" },
]

[[package]]
name = "uv"
version = "0.9.4"
source = { registry = "https://pypi.org/simple" }
sdist = { url = "https://files.pythonhosted.org/packages/7c/e4/71780e9afade36354a76a1e4dc5659605c66446b9d0a0e97c990d2c374a3/uv-0.9.4.tar.gz", hash = "sha256:57582a149de7788a83f998ddad2dfc50a328aae7a474fbb1617c73a9e2b42ebf", size = 3701040, upload-time = "2025-10-18T21:34:59.108Z" }
wheels = [
    { url = "https://files.pythonhosted.org/packages/bd/bd/c64d332586ede567827687e77088ee41e56e00d2f822a7769c2a27da276a/uv-0.9.4-py3-none-linux_armv6l.whl", hash = "sha256:787cf63c2f5c97cc6b30915632351eac655fcd4ec19620bc67cbd6855975817b", size = 20680251, upload-time = "2025-10-18T21:33:54.277Z" },
    { url = "https://files.pythonhosted.org/packages/11/15/a4e13592544651fb6b676ae88b065a7a8661429cbd6041b4ff05c3b44bbe/uv-0.9.4-py3-none-macosx_10_12_x86_64.whl", hash = "sha256:42012fcfdbaec08e1c009bbdbf96296b05e0e86feb83e1182d9335ae86a288d2", size = 19619663, upload-time = "2025-10-18T21:33:59.405Z" },
    { url = "https://files.pythonhosted.org/packages/da/59/7ee66db3caed7cc7332e5ca414733d1df761919c8cb38c4d6f09055c4af8/uv-0.9.4-py3-none-macosx_11_0_arm64.whl", hash = "sha256:610a219a6d92cc56c1a24888118a5ae1b07233b93dde0565d64fe198a2c7c376", size = 18231469, upload-time = "2025-10-18T21:34:03.123Z" },
    { url = "https://files.pythonhosted.org/packages/ae/37/0eab636ac6ffaf8b6d60fb0bd202331060f187e933d43766fa0b3964fe0d/uv-0.9.4-py3-none-manylinux_2_17_aarch64.manylinux2014_aarch64.musllinux_1_1_aarch64.whl", hash = "sha256:aa0e144df0276945cbe49e30b577cf51e19b808e5ca55e23b8a1a354857e1629", size = 20051606, upload-time = "2025-10-18T21:34:06.627Z" },
    { url = "https://files.pythonhosted.org/packages/f5/b4/24ae03f66eadc6d8fb46962387162f1fef3430c4dfda0542fd5a0ebaa0ce/uv-0.9.4-py3-none-manylinux_2_17_armv7l.manylinux2014_armv7l.whl", hash = "sha256:9ee7695b6632b74ea62d67fcef732e519d1fdb3f9ecf81c99bfd5a354ff925fb", size = 20302565, upload-time = "2025-10-18T21:34:10.004Z" },
    { url = "https://files.pythonhosted.org/packages/fd/e6/ee0de4ed1770d70915c0dd4329cc7e3d146bf726a8ebbc6e527325c6aefd/uv-0.9.4-py3-none-manylinux_2_17_i686.manylinux2014_i686.whl", hash = "sha256:fa33399d5e3e31b753910cfaa6f87022736339cadb140c8896dccb7c6a855e32", size = 21175677, upload-time = "2025-10-18T21:34:13.366Z" },
    { url = "https://files.pythonhosted.org/packages/7b/01/a236caffb2430e27346afd07ebaf485406ff56f1f2f915c018bd69525210/uv-0.9.4-py3-none-manylinux_2_17_ppc64.manylinux2014_ppc64.whl", hash = "sha256:df3288f85bd6bfb4b8722bb7223d6723de7c32d213596573d92803f89af9007c", size = 22630798, upload-time = "2025-10-18T21:34:17.27Z" },
    { url = "https://files.pythonhosted.org/packages/8c/bf/2880311bd73951de52ef62ecf65f2a5a16761edeb50f3c6892035f09db04/uv-0.9.4-py3-none-manylinux_2_17_ppc64le.manylinux2014_ppc64le.whl", hash = "sha256:b7f7d3fd51627fbcca06cf75d327e060db924d4ca054e1e934b71682d58f1f51", size = 22264831, upload-time = "2025-10-18T21:34:21.383Z" },
    { url = "https://files.pythonhosted.org/packages/4d/5d/17eaf451254ce011ca163bbcb4435eeaa76e5188381d0b4ec60d40a26cf2/uv-0.9.4-py3-none-manylinux_2_17_s390x.manylinux2014_s390x.whl", hash = "sha256:03a85b02e6ccf1b705ce78bd98da78c90d5a0d0f941756ee842825d850cada2f", size = 21342146, upload-time = "2025-10-18T21:34:25.231Z" },
    { url = "https://files.pythonhosted.org/packages/fa/8a/235e90024d54aa62a5a4f0afe05ae2be3d039ecb90e3cc0048e50bb14b8d/uv-0.9.4-py3-none-manylinux_2_17_x86_64.manylinux2014_x86_64.whl", hash = "sha256:d89f88df09d571f6d06228b32a6a71100905eb64343247317d363bcd774ee870", size = 21308444, upload-time = "2025-10-18T21:34:28.611Z" },
    { url = "https://files.pythonhosted.org/packages/38/02/f03d83a67855c7227ce8a452dcd29ef9d3bc233a28693bdae16e61e25aee/uv-0.9.4-py3-none-manylinux_2_28_aarch64.whl", hash = "sha256:39f6b459fdabc80c0afc080ba8bce86e048afa799bc6c5c372f78b14195cf49c", size = 20187789, upload-time = "2025-10-18T21:34:32.145Z" },
    { url = "https://files.pythonhosted.org/packages/6c/14/b9291a0e41054f598cc21aa3c0319cf9f9ad0ce5a0a26cf8d14e24d53866/uv-0.9.4-py3-none-manylinux_2_31_riscv64.whl", hash = "sha256:3e1b5df83e96a8128b81a9f2bd72a4db752f691515914471b76df994339d2c35", size = 21272041, upload-time = "2025-10-18T21:34:35.765Z" },
    { url = "https://files.pythonhosted.org/packages/3c/48/aa9994d2b00c08d5976a0a8942f1491acccb325691ba3f945c82417c9dc2/uv-0.9.4-py3-none-musllinux_1_1_armv7l.whl", hash = "sha256:2feb2adc0a2eb41a757b9cef3226f649452423badf20d68d177b6649342d021d", size = 20250918, upload-time = "2025-10-18T21:34:38.997Z" },
    { url = "https://files.pythonhosted.org/packages/96/9f/239b922ce00ca98d3a2df8bcd6d62ed1771043c1e7fb4a99d514263809c4/uv-0.9.4-py3-none-musllinux_1_1_i686.whl", hash = "sha256:dcbcc963232e13e279002844e983cd6d0f53560e75d8a3f7a68e7d68a6021235", size = 20641334, upload-time = "2025-10-18T21:34:42.85Z" },
    { url = "https://files.pythonhosted.org/packages/c3/1c/4406fb13052409a26a6372e8d70747281143f87d9c488e552390796742dc/uv-0.9.4-py3-none-musllinux_1_1_x86_64.whl", hash = "sha256:c353be83686f769bf50e6c6bc8591ad59752b492c6bb51296e378e55521482f5", size = 21525445, upload-time = "2025-10-18T21:34:46.197Z" },
    { url = "https://files.pythonhosted.org/packages/e8/c2/8f9318e42cbeb9335ab657c9648ce45bb353482dbf86ddeced52116cd9a3/uv-0.9.4-py3-none-win32.whl", hash = "sha256:79efd533016d9bf077056cac72e68fa501e9d0e09576a2c375f7c286d19be9d6", size = 19446923, upload-time = "2025-10-18T21:34:49.58Z" },
    { url = "https://files.pythonhosted.org/packages/1b/ed/1d036a7d2ce5c3382c8c21481b0fd10f8de577b401b549c5992b8c00114a/uv-0.9.4-py3-none-win_amd64.whl", hash = "sha256:0840346084d28aa5345eeabcb7f9e727448b56b3b399300447a9155066909925", size = 21431844, upload-time = "2025-10-18T21:34:53.437Z" },
    { url = "https://files.pythonhosted.org/packages/ad/30/2fbaeed4efdda407fa9b3a4c0d7f3b9b53498d13f06498b15decc52ee253/uv-0.9.4-py3-none-win_arm64.whl", hash = "sha256:253133f7f2eac8fed10ad601c56ddcd13d8d81d9343ed9e95873d19b149199f2", size = 19905878, upload-time = "2025-10-18T21:34:56.696Z" },
]

[[package]]
name = "venvs"
source = { editable = "." }
dependencies = [
    { name = "attrs" },
    { name = "click" },
    { name = "filesystems" },
    { name = "packaging" },
    { name = "platformdirs" },
    { name = "pyrsistent" },
    { name = "toml" },
    { name = "tomlkit" },
    { name = "tqdm" },
    { name = "uv" },
]

[package.metadata]
requires-dist = [
    { name = "attrs", specifier = ">=23.1.0" },
    { name = "click" },
    { name = "filesystems", specifier = ">=2024.8.1" },
    { name = "packaging" },
    { name = "platformdirs" },
    { name = "pyrsistent" },
    { name = "toml", specifier = ">=0.10.0" },
    { name = "tomlkit" },
    { name = "tqdm" },
    { name = "uv", specifier = ">=0.1.13" },
]

[[package]]
name = "zope-interface"
version = "8.0.1"
source = { registry = "https://pypi.org/simple" }
sdist = { url = "https://files.pythonhosted.org/packages/88/3a/7fcf02178b8fad0a51e67e32765cd039ae505d054d744d76b8c2bbcba5ba/zope_interface-8.0.1.tar.gz", hash = "sha256:eba5610d042c3704a48222f7f7c6ab5b243ed26f917e2bc69379456b115e02d1", size = 253746, upload-time = "2025-09-25T05:55:51.285Z" }
wheels = [
    { url = "https://files.pythonhosted.org/packages/75/e5/ffef169d17b92c6236b3b18b890c0ce73502f3cbd5b6532ff20d412d94a3/zope_interface-8.0.1-cp310-cp310-macosx_10_9_x86_64.whl", hash = "sha256:fd7195081b8637eeed8d73e4d183b07199a1dc738fb28b3de6666b1b55662570", size = 207364, upload-time = "2025-09-25T05:58:50.262Z" },
    { url = "https://files.pythonhosted.org/packages/35/b6/87aca626c09af829d3a32011599d6e18864bc8daa0ad3a7e258f3d7f8bcf/zope_interface-8.0.1-cp310-cp310-macosx_11_0_arm64.whl", hash = "sha256:f7c4bc4021108847bce763673ce70d0716b08dfc2ba9889e7bad46ac2b3bb924", size = 207901, upload-time = "2025-09-25T05:58:51.74Z" },
    { url = "https://files.pythonhosted.org/packages/d8/c1/eec33cc9f847ebeb0bc6234d7d45fe3fc0a6fe8fc5b5e6be0442bd2c684d/zope_interface-8.0.1-cp310-cp310-manylinux1_i686.manylinux2014_i686.manylinux_2_17_i686.manylinux_2_5_i686.whl", hash = "sha256:758803806b962f32c87b31bb18c298b022965ba34fe532163831cc39118c24ab", size = 249358, upload-time = "2025-09-25T05:58:16.979Z" },
    { url = "https://files.pythonhosted.org/packages/58/7d/1e3476a1ef0175559bd8492dc7bb921ad0df5b73861d764b1f824ad5484a/zope_interface-8.0.1-cp310-cp310-manylinux1_x86_64.manylinux2014_x86_64.manylinux_2_17_x86_64.manylinux_2_5_x86_64.whl", hash = "sha256:f8e88f35f86bbe8243cad4b2972deef0fdfca0a0723455abbebdc83bbab96b69", size = 254475, upload-time = "2025-09-25T05:58:10.032Z" },
    { url = "https://files.pythonhosted.org/packages/bc/67/ba5ea98ff23f723c5cbe7db7409f2e43c9fe2df1ced67881443c01e64478/zope_interface-8.0.1-cp310-cp310-manylinux2014_aarch64.manylinux_2_17_aarch64.whl", hash = "sha256:7844765695937d9b0d83211220b72e2cf6ac81a08608ad2b58f2c094af498d83", size = 254913, upload-time = "2025-09-25T06:26:22.263Z" },
    { url = "https://files.pythonhosted.org/packages/2b/a7/b1b8b6c13fba955c043cdee409953ee85f652b106493e2e931a84f95c1aa/zope_interface-8.0.1-cp310-cp310-win_amd64.whl", hash = "sha256:64fa7b206dd9669f29d5c1241a768bebe8ab1e8a4b63ee16491f041e058c09d0", size = 211753, upload-time = "2025-09-25T05:59:00.561Z" },
    { url = "https://files.pythonhosted.org/packages/f2/2f/c10c739bcb9b072090c97c2e08533777497190daa19d190d72b4cce9c7cb/zope_interface-8.0.1-cp311-cp311-macosx_10_9_x86_64.whl", hash = "sha256:4bd01022d2e1bce4a4a4ed9549edb25393c92e607d7daa6deff843f1f68b479d", size = 207903, upload-time = "2025-09-25T05:58:21.671Z" },
    { url = "https://files.pythonhosted.org/packages/b5/e1/9845ac3697f108d9a1af6912170c59a23732090bbfb35955fe77e5544955/zope_interface-8.0.1-cp311-cp311-macosx_11_0_arm64.whl", hash = "sha256:29be8db8b712d94f1c05e24ea230a879271d787205ba1c9a6100d1d81f06c69a", size = 208345, upload-time = "2025-09-25T05:58:24.217Z" },
    { url = "https://files.pythonhosted.org/packages/f2/49/6573bc8b841cfab18e80c8e8259f1abdbbf716140011370de30231be79ad/zope_interface-8.0.1-cp311-cp311-manylinux1_i686.manylinux2014_i686.manylinux_2_17_i686.manylinux_2_5_i686.whl", hash = "sha256:51ae1b856565b30455b7879fdf0a56a88763b401d3f814fa9f9542d7410dbd7e", size = 255027, upload-time = "2025-09-25T05:58:19.975Z" },
    { url = "https://files.pythonhosted.org/packages/e2/fd/908b0fd4b1ab6e412dfac9bd2b606f2893ef9ba3dd36d643f5e5b94c57b3/zope_interface-8.0.1-cp311-cp311-manylinux1_x86_64.manylinux2014_x86_64.manylinux_2_17_x86_64.manylinux_2_5_x86_64.whl", hash = "sha256:d2e7596149cb1acd1d4d41b9f8fe2ffc0e9e29e2e91d026311814181d0d9efaf", size = 259800, upload-time = "2025-09-25T05:58:11.487Z" },
    { url = "https://files.pythonhosted.org/packages/dc/78/8419a2b4e88410520ed4b7f93bbd25a6d4ae66c4e2b131320f2b90f43077/zope_interface-8.0.1-cp311-cp311-manylinux2014_aarch64.manylinux_2_17_aarch64.whl", hash = "sha256:b2737c11c34fb9128816759864752d007ec4f987b571c934c30723ed881a7a4f", size = 260978, upload-time = "2025-09-25T06:26:24.483Z" },
    { url = "https://files.pythonhosted.org/packages/e5/90/caf68152c292f1810e2bd3acd2177badf08a740aa8a348714617d6c9ad0b/zope_interface-8.0.1-cp311-cp311-win_amd64.whl", hash = "sha256:cf66e4bf731aa7e0ced855bb3670e8cda772f6515a475c6a107bad5cb6604103", size = 212155, upload-time = "2025-09-25T05:59:40.318Z" },
    { url = "https://files.pythonhosted.org/packages/dc/a6/0f08713ddda834c428ebf97b2a7fd8dea50c0100065a8955924dbd94dae8/zope_interface-8.0.1-cp312-cp312-macosx_10_9_x86_64.whl", hash = "sha256:115f27c1cc95ce7a517d960ef381beedb0a7ce9489645e80b9ab3cbf8a78799c", size = 208609, upload-time = "2025-09-25T05:58:53.698Z" },
    { url = "https://files.pythonhosted.org/packages/e9/5e/d423045f54dc81e0991ec655041e7a0eccf6b2642535839dd364b35f4d7f/zope_interface-8.0.1-cp312-cp312-macosx_11_0_arm64.whl", hash = "sha256:af655c573b84e3cb6a4f6fd3fbe04e4dc91c63c6b6f99019b3713ef964e589bc", size = 208797, upload-time = "2025-09-25T05:58:56.258Z" },
    { url = "https://files.pythonhosted.org/packages/c6/43/39d4bb3f7a80ebd261446792493cfa4e198badd47107224f5b6fe1997ad9/zope_interface-8.0.1-cp312-cp312-manylinux1_i686.manylinux2014_i686.manylinux_2_17_i686.manylinux_2_5_i686.whl", hash = "sha256:23f82ef9b2d5370750cc1bf883c3b94c33d098ce08557922a3fbc7ff3b63dfe1", size = 259242, upload-time = "2025-09-25T05:58:21.602Z" },
    { url = "https://files.pythonhosted.org/packages/da/29/49effcff64ef30731e35520a152a9dfcafec86cf114b4c2aff942e8264ba/zope_interface-8.0.1-cp312-cp312-manylinux1_x86_64.manylinux2014_x86_64.manylinux_2_17_x86_64.manylinux_2_5_x86_64.whl", hash = "sha256:35a1565d5244997f2e629c5c68715b3d9d9036e8df23c4068b08d9316dcb2822", size = 264696, upload-time = "2025-09-25T05:58:13.351Z" },
    { url = "https://files.pythonhosted.org/packages/c7/39/b947673ec9a258eeaa20208dd2f6127d9fbb3e5071272a674ebe02063a78/zope_interface-8.0.1-cp312-cp312-manylinux2014_aarch64.manylinux_2_17_aarch64.whl", hash = "sha256:029ea1db7e855a475bf88d9910baab4e94d007a054810e9007ac037a91c67c6f", size = 264229, upload-time = "2025-09-25T06:26:26.226Z" },
    { url = "https://files.pythonhosted.org/packages/8f/ee/eed6efd1fc3788d1bef7a814e0592d8173b7fe601c699b935009df035fc2/zope_interface-8.0.1-cp312-cp312-win_amd64.whl", hash = "sha256:0beb3e7f7dc153944076fcaf717a935f68d39efa9fce96ec97bafcc0c2ea6cab", size = 212270, upload-time = "2025-09-25T05:58:53.584Z" },
    { url = "https://files.pythonhosted.org/packages/5f/dc/3c12fca01c910c793d636ffe9c0984e0646abaf804e44552070228ed0ede/zope_interface-8.0.1-cp313-cp313-macosx_10_9_x86_64.whl", hash = "sha256:c7cc027fc5c61c5d69e5080c30b66382f454f43dc379c463a38e78a9c6bab71a", size = 208992, upload-time = "2025-09-25T05:58:40.712Z" },
    { url = "https://files.pythonhosted.org/packages/46/71/6127b7282a3e380ca927ab2b40778a9c97935a4a57a2656dadc312db5f30/zope_interface-8.0.1-cp313-cp313-macosx_11_0_arm64.whl", hash = "sha256:fcf9097ff3003b7662299f1c25145e15260ec2a27f9a9e69461a585d79ca8552", size = 209051, upload-time = "2025-09-25T05:58:42.182Z" },
    { url = "https://files.pythonhosted.org/packages/56/86/4387a9f951ee18b0e41fda77da77d59c33e59f04660578e2bad688703e64/zope_interface-8.0.1-cp313-cp313-manylinux1_i686.manylinux2014_i686.manylinux_2_17_i686.manylinux_2_5_i686.whl", hash = "sha256:6d965347dd1fb9e9a53aa852d4ded46b41ca670d517fd54e733a6b6a4d0561c2", size = 259223, upload-time = "2025-09-25T05:58:23.191Z" },
    { url = "https://files.pythonhosted.org/packages/61/08/ce60a114466abc067c68ed41e2550c655f551468ae17b4b17ea360090146/zope_interface-8.0.1-cp313-cp313-manylinux1_x86_64.manylinux2014_x86_64.manylinux_2_17_x86_64.manylinux_2_5_x86_64.whl", hash = "sha256:9a3b8bb77a4b89427a87d1e9eb969ab05e38e6b4a338a9de10f6df23c33ec3c2", size = 264690, upload-time = "2025-09-25T05:58:15.052Z" },
    { url = "https://files.pythonhosted.org/packages/36/9a/62a9ba3a919594605a07c34eee3068659bbd648e2fa0c4a86d876810b674/zope_interface-8.0.1-cp313-cp313-manylinux2014_aarch64.manylinux_2_17_aarch64.whl", hash = "sha256:87e6b089002c43231fb9afec89268391bcc7a3b66e76e269ffde19a8112fb8d5", size = 264201, upload-time = "2025-09-25T06:26:27.797Z" },
    { url = "https://files.pythonhosted.org/packages/da/06/8fe88bd7edef60566d21ef5caca1034e10f6b87441ea85de4bbf9ea74768/zope_interface-8.0.1-cp313-cp313-win_amd64.whl", hash = "sha256:64a43f5280aa770cbafd0307cb3d1ff430e2a1001774e8ceb40787abe4bb6658", size = 212273, upload-time = "2025-09-25T06:00:25.398Z" },
]
